<?xml version="1.0" encoding="utf-8"?>
<Project ToolsVersion="4.0" xmlns="http://schemas.microsoft.com/developer/msbuild/2003">
  <ItemGroup>
    <Filter Include="UI">
      <UniqueIdentifier>{8A1B2C3D-0001-4000-8000-000000000001}</UniqueIdentifier>
    </Filter>
    <Filter Include="Core">
      <UniqueIdentifier>{8A1B2C3D-0001-4000-8000-000000000002}</UniqueIdentifier>
    </Filter>
    <Filter Include="Resource">
      <UniqueIdentifier>{8A1B2C3D-0001-4000-8000-000000000003}</UniqueIdentifier>
    </Filter>
  </ItemGroup>
  <ItemGroup>
    <ClCompile Include="pch.cpp"><Filter>UI</Filter></ClCompile>
    <ClCompile Include="CircleDrawerApp.cpp"><Filter>UI</Filter></ClCompile>
    <ClCompile Include="CircleDrawerDlg.cpp"><Filter>UI</Filter></ClCompile>
    <ClCompile Include="Geometry.cpp"><Filter>Core</Filter></ClCompile>
    <ClCompile Include="GrayCanvas.cpp"><Filter>Core</Filter></ClCompile>
    <ClCompile Include="CircleScene.cpp"><Filter>Core</Filter></ClCompile>
    <ClCompile Include="RandomPointGenerator.cpp"><Filter>Core</Filter></ClCompile>
    <ClCompile Include="RandomMover.cpp"><Filter>Core</Filter></ClCompile>
  </ItemGroup>
  <ItemGroup>
    <ClInclude Include="framework.h"><Filter>UI</Filter></ClInclude>
    <ClInclude Include="pch.h"><Filter>UI</Filter></ClInclude>
    <ClInclude Include="targetver.h"><Filter>UI</Filter></ClInclude>
    <ClInclude Include="resource.h"><Filter>Resource</Filter></ClInclude>
    <ClInclude Include="CircleDrawerApp.h"><Filter>UI</Filter></ClInclude>
    <ClInclude Include="CircleDrawerDlg.h"><Filter>UI</Filter></ClInclude>
    <ClInclude Include="Geometry.h"><Filter>Core</Filter></ClInclude>
    <ClInclude Include="GrayCanvas.h"><Filter>Core</Filter></ClInclude>
    <ClInclude Include="CircleScene.h"><Filter>Core</Filter></ClInclude>
    <ClInclude Include="RandomPointGenerator.h"><Filter>Core</Filter></ClInclude>
    <ClInclude Include="RandomMover.h"><Filter>Core</Filter></ClInclude>
  </ItemGroup>
  <ItemGroup>
    <ResourceCompile Include="CircleDrawer.rc"><Filter>Resource</Filter></ResourceCompile>
  </ItemGroup>
  <ItemGroup>
    <Image Include="res\CircleDrawer.ico"><Filter>Resource</Filter></Image>
  </ItemGroup>
</Project>
